
Microsoft Visual Studio Solution File, Format Version 12.00
# Visual Studio Version 16
VisualStudioVersion = 16.0.30011.22
MinimumVisualStudioVersion = 10.0.40219.1
Project("{FAE04EC0-301F-11D3-BF4B-00C04F79EFBC}") = "SortEmployees", "SortEmployees\SortEmployees.csproj", "{06148F9F-2D99-429A-B128-9B5776AD325F}"
EndProject
Global
	GlobalSection(SolutionConfigurationPlatforms) = preSolution
		Debug|Any CPU = Debug|Any CPU
		Release|Any CPU = Release|Any CPU
	EndGlobalSection
	GlobalSection(ProjectConfigurationPlatforms) = postSolution
		{06148F9F-2D99-429A-B128-9B5776AD325F}.Debug|Any CPU.ActiveCfg = Debug|Any CPU
		{06148F9F-2D99-429A-B128-9B5776AD325F}.Debug|Any CPU.Build.0 = Debug|Any CPU
		{06148F9F-2D99-429A-B128-9B5776AD325F}.Release|Any CPU.ActiveCfg = Release|Any CPU
		{06148F9F-2D99-429A-B128-9B5776AD325F}.Release|Any CPU.Build.0 = Release|Any CPU
	EndGlobalSection
	GlobalSection(SolutionProperties) = preSolution
		HideSolutionNode = FALSE
	EndGlobalSection
	GlobalSection(ExtensibilityGlobals) = postSolution
		SolutionGuid = {6C955104-DDC9-4F7B-AD8F-7F1A3B7FC6A4}
	EndGlobalSection
EndGlobal
