
Microsoft Visual Studio Solution File, Format Version 12.00
# Visual Studio Version 16
VisualStudioVersion = 16.0.29911.84
MinimumVisualStudioVersion = 10.0.40219.1
Project("{FAE04EC0-301F-11D3-BF4B-00C04F79EFBC}") = "PlayingCard", "PlayingCard\PlayingCard.csproj", "{B8719146-FEC4-4CB3-BC70-CA451B6FE1BE}"
EndProject
Global
	GlobalSection(SolutionConfigurationPlatforms) = preSolution
		Debug|Any CPU = Debug|Any CPU
		Release|Any CPU = Release|Any CPU
	EndGlobalSection
	GlobalSection(ProjectConfigurationPlatforms) = postSolution
		{B8719146-FEC4-4CB3-BC70-CA451B6FE1BE}.Debug|Any CPU.ActiveCfg = Debug|Any CPU
		{B8719146-FEC4-4CB3-BC70-CA451B6FE1BE}.Debug|Any CPU.Build.0 = Debug|Any CPU
		{B8719146-FEC4-4CB3-BC70-CA451B6FE1BE}.Release|Any CPU.ActiveCfg = Release|Any CPU
		{B8719146-FEC4-4CB3-BC70-CA451B6FE1BE}.Release|Any CPU.Build.0 = Release|Any CPU
	EndGlobalSection
	GlobalSection(SolutionProperties) = preSolution
		HideSolutionNode = FALSE
	EndGlobalSection
	GlobalSection(ExtensibilityGlobals) = postSolution
		SolutionGuid = {80A3FCFB-CA38-4B93-B83E-1EC5EE8863A1}
	EndGlobalSection
EndGlobal
