
Microsoft Visual Studio Solution File, Format Version 12.00
# Visual Studio Version 16
VisualStudioVersion = 16.0.29326.143
MinimumVisualStudioVersion = 10.0.40219.1
Project("{FAE04EC0-301F-11D3-BF4B-00C04F79EFBC}") = "GCSem13", "Seminarul 13 - Voronoi\GCSem13.csproj", "{01CAA263-A1B7-4BA0-A285-0DD7DB976FEA}"
EndProject
Global
	GlobalSection(SolutionConfigurationPlatforms) = preSolution
		Debug|Any CPU = Debug|Any CPU
		Release|Any CPU = Release|Any CPU
	EndGlobalSection
	GlobalSection(ProjectConfigurationPlatforms) = postSolution
		{01CAA263-A1B7-4BA0-A285-0DD7DB976FEA}.Debug|Any CPU.ActiveCfg = Debug|Any CPU
		{01CAA263-A1B7-4BA0-A285-0DD7DB976FEA}.Debug|Any CPU.Build.0 = Debug|Any CPU
		{01CAA263-A1B7-4BA0-A285-0DD7DB976FEA}.Release|Any CPU.ActiveCfg = Release|Any CPU
		{01CAA263-A1B7-4BA0-A285-0DD7DB976FEA}.Release|Any CPU.Build.0 = Release|Any CPU
	EndGlobalSection
	GlobalSection(SolutionProperties) = preSolution
		HideSolutionNode = FALSE
	EndGlobalSection
	GlobalSection(ExtensibilityGlobals) = postSolution
		SolutionGuid = {97BAFADB-0B4A-487C-B085-E7D33693D5F7}
	EndGlobalSection
EndGlobal
