
Microsoft Visual Studio Solution File, Format Version 12.00
# Visual Studio Version 16
VisualStudioVersion = 16.0.29911.84
MinimumVisualStudioVersion = 10.0.40219.1
Project("{FAE04EC0-301F-11D3-BF4B-00C04F79EFBC}") = "GCSem7", "GCSem7\GCSem7.csproj", "{9302F297-F545-4E19-8C7F-ABAA79411DFF}"
EndProject
Global
	GlobalSection(SolutionConfigurationPlatforms) = preSolution
		Debug|Any CPU = Debug|Any CPU
		Release|Any CPU = Release|Any CPU
	EndGlobalSection
	GlobalSection(ProjectConfigurationPlatforms) = postSolution
		{9302F297-F545-4E19-8C7F-ABAA79411DFF}.Debug|Any CPU.ActiveCfg = Debug|Any CPU
		{9302F297-F545-4E19-8C7F-ABAA79411DFF}.Debug|Any CPU.Build.0 = Debug|Any CPU
		{9302F297-F545-4E19-8C7F-ABAA79411DFF}.Release|Any CPU.ActiveCfg = Release|Any CPU
		{9302F297-F545-4E19-8C7F-ABAA79411DFF}.Release|Any CPU.Build.0 = Release|Any CPU
	EndGlobalSection
	GlobalSection(SolutionProperties) = preSolution
		HideSolutionNode = FALSE
	EndGlobalSection
	GlobalSection(ExtensibilityGlobals) = postSolution
		SolutionGuid = {EEF9651D-42A0-4DF9-8B1C-C6A3053EB746}
	EndGlobalSection
EndGlobal
