
Microsoft Visual Studio Solution File, Format Version 12.00
# Visual Studio Version 16
VisualStudioVersion = 16.0.30011.22
MinimumVisualStudioVersion = 10.0.40219.1
Project("{FAE04EC0-301F-11D3-BF4B-00C04F79EFBC}") = "Problem1", "Jarvis\Problem1.csproj", "{99E883AA-7CA1-4CDC-B047-F403CE568B9C}"
EndProject
Global
	GlobalSection(SolutionConfigurationPlatforms) = preSolution
		Debug|Any CPU = Debug|Any CPU
		Debug|x64 = Debug|x64
		Release|Any CPU = Release|Any CPU
		Release|x64 = Release|x64
	EndGlobalSection
	GlobalSection(ProjectConfigurationPlatforms) = postSolution
		{99E883AA-7CA1-4CDC-B047-F403CE568B9C}.Debug|Any CPU.ActiveCfg = Debug|Any CPU
		{99E883AA-7CA1-4CDC-B047-F403CE568B9C}.Debug|Any CPU.Build.0 = Debug|Any CPU
		{99E883AA-7CA1-4CDC-B047-F403CE568B9C}.Debug|x64.ActiveCfg = Debug|x64
		{99E883AA-7CA1-4CDC-B047-F403CE568B9C}.Debug|x64.Build.0 = Debug|x64
		{99E883AA-7CA1-4CDC-B047-F403CE568B9C}.Release|Any CPU.ActiveCfg = Release|Any CPU
		{99E883AA-7CA1-4CDC-B047-F403CE568B9C}.Release|Any CPU.Build.0 = Release|Any CPU
		{99E883AA-7CA1-4CDC-B047-F403CE568B9C}.Release|x64.ActiveCfg = Release|Any CPU
		{99E883AA-7CA1-4CDC-B047-F403CE568B9C}.Release|x64.Build.0 = Release|Any CPU
	EndGlobalSection
	GlobalSection(SolutionProperties) = preSolution
		HideSolutionNode = FALSE
	EndGlobalSection
	GlobalSection(ExtensibilityGlobals) = postSolution
		SolutionGuid = {D9BB99A4-E55B-4C73-8DBE-160780EDE005}
	EndGlobalSection
EndGlobal
