
Microsoft Visual Studio Solution File, Format Version 12.00
# Visual Studio Version 16
VisualStudioVersion = 16.0.30011.22
MinimumVisualStudioVersion = 10.0.40219.1
Project("{FAE04EC0-301F-11D3-BF4B-00C04F79EFBC}") = "Delegates", "Delegates\Delegates.csproj", "{A1707846-3396-4FCE-9B8E-12F6A105FA67}"
EndProject
Global
	GlobalSection(SolutionConfigurationPlatforms) = preSolution
		Debug|Any CPU = Debug|Any CPU
		Release|Any CPU = Release|Any CPU
	EndGlobalSection
	GlobalSection(ProjectConfigurationPlatforms) = postSolution
		{A1707846-3396-4FCE-9B8E-12F6A105FA67}.Debug|Any CPU.ActiveCfg = Debug|Any CPU
		{A1707846-3396-4FCE-9B8E-12F6A105FA67}.Debug|Any CPU.Build.0 = Debug|Any CPU
		{A1707846-3396-4FCE-9B8E-12F6A105FA67}.Release|Any CPU.ActiveCfg = Release|Any CPU
		{A1707846-3396-4FCE-9B8E-12F6A105FA67}.Release|Any CPU.Build.0 = Release|Any CPU
	EndGlobalSection
	GlobalSection(SolutionProperties) = preSolution
		HideSolutionNode = FALSE
	EndGlobalSection
	GlobalSection(ExtensibilityGlobals) = postSolution
		SolutionGuid = {51AB637C-67DC-4814-8B59-303923659189}
	EndGlobalSection
EndGlobal
