
Microsoft Visual Studio Solution File, Format Version 12.00
# Visual Studio Version 16
VisualStudioVersion = 16.0.30011.22
MinimumVisualStudioVersion = 10.0.40219.1
Project("{FAE04EC0-301F-11D3-BF4B-00C04F79EFBC}") = "2DForms", "2DForms\2DForms.csproj", "{53DD6F67-BBCD-4749-9E02-8F46E251A740}"
EndProject
Global
	GlobalSection(SolutionConfigurationPlatforms) = preSolution
		Debug|Any CPU = Debug|Any CPU
		Release|Any CPU = Release|Any CPU
	EndGlobalSection
	GlobalSection(ProjectConfigurationPlatforms) = postSolution
		{53DD6F67-BBCD-4749-9E02-8F46E251A740}.Debug|Any CPU.ActiveCfg = Debug|Any CPU
		{53DD6F67-BBCD-4749-9E02-8F46E251A740}.Debug|Any CPU.Build.0 = Debug|Any CPU
		{53DD6F67-BBCD-4749-9E02-8F46E251A740}.Release|Any CPU.ActiveCfg = Release|Any CPU
		{53DD6F67-BBCD-4749-9E02-8F46E251A740}.Release|Any CPU.Build.0 = Release|Any CPU
	EndGlobalSection
	GlobalSection(SolutionProperties) = preSolution
		HideSolutionNode = FALSE
	EndGlobalSection
	GlobalSection(ExtensibilityGlobals) = postSolution
		SolutionGuid = {B92696A4-CF45-426A-B596-D247329A5D7F}
	EndGlobalSection
EndGlobal
