
Microsoft Visual Studio Solution File, Format Version 12.00
# Visual Studio Version 16
VisualStudioVersion = 16.0.30011.22
MinimumVisualStudioVersion = 10.0.40219.1
Project("{FAE04EC0-301F-11D3-BF4B-00C04F79EFBC}") = "AbstractPoints", "AbstractPoints\AbstractPoints.csproj", "{D8A2B1FF-F87A-46D3-9F47-E81032B7D5FA}"
EndProject
Global
	GlobalSection(SolutionConfigurationPlatforms) = preSolution
		Debug|Any CPU = Debug|Any CPU
		Release|Any CPU = Release|Any CPU
	EndGlobalSection
	GlobalSection(ProjectConfigurationPlatforms) = postSolution
		{D8A2B1FF-F87A-46D3-9F47-E81032B7D5FA}.Debug|Any CPU.ActiveCfg = Debug|Any CPU
		{D8A2B1FF-F87A-46D3-9F47-E81032B7D5FA}.Debug|Any CPU.Build.0 = Debug|Any CPU
		{D8A2B1FF-F87A-46D3-9F47-E81032B7D5FA}.Release|Any CPU.ActiveCfg = Release|Any CPU
		{D8A2B1FF-F87A-46D3-9F47-E81032B7D5FA}.Release|Any CPU.Build.0 = Release|Any CPU
	EndGlobalSection
	GlobalSection(SolutionProperties) = preSolution
		HideSolutionNode = FALSE
	EndGlobalSection
	GlobalSection(ExtensibilityGlobals) = postSolution
		SolutionGuid = {B4BD2193-4273-491C-87B0-90105A603D00}
	EndGlobalSection
EndGlobal
